lockfileVersion: '9.0'

settings:
  autoInstallPeers: true
  excludeLinksFromLockfile: false

importers:

  .:
    dependencies:
      '@linebridge/bootloader':
        specifier: link:../../bootloader
        version: link:../../bootloader
      '@linebridge/engine-neo':
        specifier: link:../../engines/neo/build/out
        version: link:../../engines/neo/build/out
      linebridge:
        specifier: link:../dist
        version: link:../dist
