lockfileVersion: '9.0'

settings:
  autoInstallPeers: true
  excludeLinksFromLockfile: false

importers:

  .:
    dependencies:
      '@linebridge/cli':
        specifier: link:../../cli
        version: link:../../cli
      '@linebridge/engine-neo':
        specifier: link:../../engines/neo/dist
        version: link:../../engines/neo/dist
      linebridge:
        specifier: link:../dist
        version: link:../dist
